// !$*UTF8*$!
{
	archiveVersion = 1;
	classes = {
	};
	objectVersion = 56;
	objects = {

/* Begin PBXBuildFile section */
		52FA1FFC295308A700BE7022 /* SwiftUIModularizedArchitectureApp.swift in Sources */ = {isa = PBXBuildFile; fileRef = 52FA1FFB295308A700BE7022 /* SwiftUIModularizedArchitectureApp.swift */; };
		52FA1FFE295308A700BE7022 /* ContentView.swift in Sources */ = {isa = PBXBuildFile; fileRef = 52FA1FFD295308A700BE7022 /* ContentView.swift */; };
		52FA2000295308A900BE7022 /* Assets.xcassets in Resources */ = {isa = PBXBuildFile; fileRef = 52FA1FFF295308A900BE7022 /* Assets.xcassets */; };
		52FA2003295308A900BE7022 /* Preview Assets.xcassets in Resources */ = {isa = PBXBuildFile; fileRef = 52FA2002295308A900BE7022 /* Preview Assets.xcassets */; };
		52FA200D295308A900BE7022 /* SwiftUIModularizedArchitectureTests.swift in Sources */ = {isa = PBXBuildFile; fileRef = 52FA200C295308A900BE7022 /* SwiftUIModularizedArchitectureTests.swift */; };
		52FA2017295308A900BE7022 /* SwiftUIModularizedArchitectureUITests.swift in Sources */ = {isa = PBXBuildFile; fileRef = 52FA2016295308A900BE7022 /* SwiftUIModularizedArchitectureUITests.swift */; };
		52FA2019295308A900BE7022 /* SwiftUIModularizedArchitectureUITestsLaunchTests.swift in Sources */ = {isa = PBXBuildFile; fileRef = 52FA2018295308A900BE7022 /* SwiftUIModularizedArchitectureUITestsLaunchTests.swift */; };
/* End PBXBuildFile section */

/* Begin PBXContainerItemProxy section */
		52FA2009295308A900BE7022 /* PBXContainerItemProxy */ = {
			isa = PBXContainerItemProxy;
			containerPortal = 52FA1FF0295308A700BE7022 /* Project object */;
			proxyType = 1;
			remoteGlobalIDString = 52FA1FF7295308A700BE7022;
			remoteInfo = SwiftUIModularizedArchitecture;
		};
		52FA2013295308A900BE7022 /* PBXContainerItemProxy */ = {
			isa = PBXContainerItemProxy;
			containerPortal = 52FA1FF0295308A700BE7022 /* Project object */;
			proxyType = 1;
			remoteGlobalIDString = 52FA1FF7295308A700BE7022;
			remoteInfo = SwiftUIModularizedArchitecture;
		};
/* End PBXContainerItemProxy section */

/* Begin PBXFileReference section */
		52FA1FF8295308A700BE7022 /* SwiftUIModularizedArchitecture.app */ = {isa = PBXFileReference; explicitFileType = wrapper.application; includeInIndex = 0; path = SwiftUIModularizedArchitecture.app; sourceTree = BUILT_PRODUCTS_DIR; };
		52FA1FFB295308A700BE7022 /* SwiftUIModularizedArchitectureApp.swift */ = {isa = PBXFileReference; lastKnownFileType = sourcecode.swift; path = SwiftUIModularizedArchitectureApp.swift; sourceTree = "<group>"; };
		52FA1FFD295308A700BE7022 /* ContentView.swift */ = {isa = PBXFileReference; lastKnownFileType = sourcecode.swift; path = ContentView.swift; sourceTree = "<group>"; };
		52FA1FFF295308A900BE7022 /* Assets.xcassets */ = {isa = PBXFileReference; lastKnownFileType = folder.assetcatalog; path = Assets.xcassets; sourceTree = "<group>"; };
		52FA2002295308A900BE7022 /* Preview Assets.xcassets */ = {isa = PBXFileReference; lastKnownFileType = folder.assetcatalog; path = "Preview Assets.xcassets"; sourceTree = "<group>"; };
		52FA2008295308A900BE7022 /* SwiftUIModularizedArchitectureTests.xctest */ = {isa = PBXFileReference; explicitFileType = wrapper.cfbundle; includeInIndex = 0; path = SwiftUIModularizedArchitectureTests.xctest; sourceTree = BUILT_PRODUCTS_DIR; };
		52FA200C295308A900BE7022 /* SwiftUIModularizedArchitectureTests.swift */ = {isa = PBXFileReference; lastKnownFileType = sourcecode.swift; path = SwiftUIModularizedArchitectureTests.swift; sourceTree = "<group>"; };
		52FA2012295308A900BE7022 /* SwiftUIModularizedArchitectureUITests.xctest */ = {isa = PBXFileReference; explicitFileType = wrapper.cfbundle; includeInIndex = 0; path = SwiftUIModularizedArchitectureUITests.xctest; sourceTree = BUILT_PRODUCTS_DIR; };
		52FA2016295308A900BE7022 /* SwiftUIModularizedArchitectureUITests.swift */ = {isa = PBXFileReference; lastKnownFileType = sourcecode.swift; path = SwiftUIModularizedArchitectureUITests.swift; sourceTree = "<group>"; };
		52FA2018295308A900BE7022 /* SwiftUIModularizedArchitectureUITestsLaunchTests.swift */ = {isa = PBXFileReference; lastKnownFileType = sourcecode.swift; path = SwiftUIModularizedArchitectureUITestsLaunchTests.swift; sourceTree = "<group>"; };
/* End PBXFileReference section */

/* Begin PBXFrameworksBuildPhase section */
		52FA1FF5295308A700BE7022 /* Frameworks */ = {
			isa = PBXFrameworksBuildPhase;
			buildActionMask = 2147483647;
			files = (
			);
			runOnlyForDeploymentPostprocessing = 0;
		};
		52FA2005295308A900BE7022 /* Frameworks */ = {
			isa = PBXFrameworksBuildPhase;
			buildActionMask = 2147483647;
			files = (
			);
			runOnlyForDeploymentPostprocessing = 0;
		};
		52FA200F295308A900BE7022 /* Frameworks */ = {
			isa = PBXFrameworksBuildPhase;
			buildActionMask = 2147483647;
			files = (
			);
			runOnlyForDeploymentPostprocessing = 0;
		};
/* End PBXFrameworksBuildPhase section */

/* Begin PBXGroup section */
		52FA1FEF295308A700BE7022 = {
			isa = PBXGroup;
			children = (
				52FA1FFA295308A700BE7022 /* SwiftUIModularizedArchitecture */,
				52FA200B295308A900BE7022 /* SwiftUIModularizedArchitectureTests */,
				52FA2015295308A900BE7022 /* SwiftUIModularizedArchitectureUITests */,
				52FA1FF9295308A700BE7022 /* Products */,
			);
			sourceTree = "<group>";
		};
		52FA1FF9295308A700BE7022 /* Products */ = {
			isa = PBXGroup;
			children = (
				52FA1FF8295308A700BE7022 /* SwiftUIModularizedArchitecture.app */,
				52FA2008295308A900BE7022 /* SwiftUIModularizedArchitectureTests.xctest */,
				52FA2012295308A900BE7022 /* SwiftUIModularizedArchitectureUITests.xctest */,
			);
			name = Products;
			sourceTree = "<group>";
		};
		52FA1FFA295308A700BE7022 /* SwiftUIModularizedArchitecture */ = {
			isa = PBXGroup;
			children = (
				52FA1FFB295308A700BE7022 /* SwiftUIModularizedArchitectureApp.swift */,
				52FA1FFD295308A700BE7022 /* ContentView.swift */,
				52FA1FFF295308A900BE7022 /* Assets.xcassets */,
				52FA2001295308A900BE7022 /* Preview Content */,
			);
			path = SwiftUIModularizedArchitecture;
			sourceTree = "<group>";
		};
		52FA2001295308A900BE7022 /* Preview Content */ = {
			isa = PBXGroup;
			children = (
				52FA2002295308A900BE7022 /* Preview Assets.xcassets */,
			);
			path = "Preview Content";
			sourceTree = "<group>";
		};
		52FA200B295308A900BE7022 /* SwiftUIModularizedArchitectureTests */ = {
			isa = PBXGroup;
			children = (
				52FA200C295308A900BE7022 /* SwiftUIModularizedArchitectureTests.swift */,
			);
			path = SwiftUIModularizedArchitectureTests;
			sourceTree = "<group>";
		};
		52FA2015295308A900BE7022 /* SwiftUIModularizedArchitectureUITests */ = {
			isa = PBXGroup;
			children = (
				52FA2016295308A900BE7022 /* SwiftUIModularizedArchitectureUITests.swift */,
				52FA2018295308A900BE7022 /* SwiftUIModularizedArchitectureUITestsLaunchTests.swift */,
			);
			path = SwiftUIModularizedArchitectureUITests;
			sourceTree = "<group>";
		};
/* End PBXGroup section */

/* Begin PBXNativeTarget section */
		52FA1FF7295308A700BE7022 /* SwiftUIModularizedArchitecture */ = {
			isa = PBXNativeTarget;
			buildConfigurationList = 52FA201C295308A900BE7022 /* Build configuration list for PBXNativeTarget "SwiftUIModularizedArchitecture" */;
			buildPhases = (
				52FA1FF4295308A700BE7022 /* Sources */,
				52FA1FF5295308A700BE7022 /* Frameworks */,
				52FA1FF6295308A700BE7022 /* Resources */,
			);
			buildRules = (
			);
			dependencies = (
			);
			name = SwiftUIModularizedArchitecture;
			productName = SwiftUIModularizedArchitecture;
			productReference = 52FA1FF8295308A700BE7022 /* SwiftUIModularizedArchitecture.app */;
			productType = "com.apple.product-type.application";
		};
		52FA2007295308A900BE7022 /* SwiftUIModularizedArchitectureTests */ = {
			isa = PBXNativeTarget;
			buildConfigurationList = 52FA201F295308A900BE7022 /* Build configuration list for PBXNativeTarget "SwiftUIModularizedArchitectureTests" */;
			buildPhases = (
				52FA2004295308A900BE7022 /* Sources */,
				52FA2005295308A900BE7022 /* Frameworks */,
				52FA2006295308A900BE7022 /* Resources */,
			);
			buildRules = (
			);
			dependencies = (
				52FA200A295308A900BE7022 /* PBXTargetDependency */,
			);
			name = SwiftUIModularizedArchitectureTests;
			productName = SwiftUIModularizedArchitectureTests;
			productReference = 52FA2008295308A900BE7022 /* SwiftUIModularizedArchitectureTests.xctest */;
			productType = "com.apple.product-type.bundle.unit-test";
		};
		52FA2011295308A900BE7022 /* SwiftUIModularizedArchitectureUITests */ = {
			isa = PBXNativeTarget;
			buildConfigurationList = 52FA2022295308A900BE7022 /* Build configuration list for PBXNativeTarget "SwiftUIModularizedArchitectureUITests" */;
			buildPhases = (
				52FA200E295308A900BE7022 /* Sources */,
				52FA200F295308A900BE7022 /* Frameworks */,
				52FA2010295308A900BE7022 /* Resources */,
			);
			buildRules = (
			);
			dependencies = (
				52FA2014295308A900BE7022 /* PBXTargetDependency */,
			);
			name = SwiftUIModularizedArchitectureUITests;
			productName = SwiftUIModularizedArchitectureUITests;
			productReference = 52FA2012295308A900BE7022 /* SwiftUIModularizedArchitectureUITests.xctest */;
			productType = "com.apple.product-type.bundle.ui-testing";
		};
/* End PBXNativeTarget section */

/* Begin PBXProject section */
		52FA1FF0295308A700BE7022 /* Project object */ = {
			isa = PBXProject;
			attributes = {
				BuildIndependentTargetsInParallel = 1;
				LastSwiftUpdateCheck = 1410;
				LastUpgradeCheck = 1410;
				TargetAttributes = {
					52FA1FF7295308A700BE7022 = {
						CreatedOnToolsVersion = 14.1;
					};
					52FA2007295308A900BE7022 = {
						CreatedOnToolsVersion = 14.1;
						TestTargetID = 52FA1FF7295308A700BE7022;
					};
					52FA2011295308A900BE7022 = {
						CreatedOnToolsVersion = 14.1;
						TestTargetID = 52FA1FF7295308A700BE7022;
					};
				};
			};
			buildConfigurationList = 52FA1FF3295308A700BE7022 /* Build configuration list for PBXProject "SwiftUIModularizedArchitecture" */;
			compatibilityVersion = "Xcode 14.0";
			developmentRegion = en;
			hasScannedForEncodings = 0;
			knownRegions = (
				en,
				Base,
			);
			mainGroup = 52FA1FEF295308A700BE7022;
			productRefGroup = 52FA1FF9295308A700BE7022 /* Products */;
			projectDirPath = "";
			projectRoot = "";
			targets = (
				52FA1FF7295308A700BE7022 /* SwiftUIModularizedArchitecture */,
				52FA2007295308A900BE7022 /* SwiftUIModularizedArchitectureTests */,
				52FA2011295308A900BE7022 /* SwiftUIModularizedArchitectureUITests */,
			);
		};
/* End PBXProject section */

/* Begin PBXResourcesBuildPhase section */
		52FA1FF6295308A700BE7022 /* Resources */ = {
			isa = PBXResourcesBuildPhase;
			buildActionMask = 2147483647;
			files = (
				52FA2003295308A900BE7022 /* Preview Assets.xcassets in Resources */,
				52FA2000295308A900BE7022 /* Assets.xcassets in Resources */,
			);
			runOnlyForDeploymentPostprocessing = 0;
		};
		52FA2006295308A900BE7022 /* Resources */ = {
			isa = PBXResourcesBuildPhase;
			buildActionMask = 2147483647;
			files = (
			);
			runOnlyForDeploymentPostprocessing = 0;
		};
		52FA2010295308A900BE7022 /* Resources */ = {
			isa = PBXResourcesBuildPhase;
			buildActionMask = 2147483647;
			files = (
			);
			runOnlyForDeploymentPostprocessing = 0;
		};
/* End PBXResourcesBuildPhase section */

/* Begin PBXSourcesBuildPhase section */
		52FA1FF4295308A700BE7022 /* Sources */ = {
			isa = PBXSourcesBuildPhase;
			buildActionMask = 2147483647;
			files = (
				52FA1FFE295308A700BE7022 /* ContentView.swift in Sources */,
				52FA1FFC295308A700BE7022 /* SwiftUIModularizedArchitectureApp.swift in Sources */,
			);
			runOnlyForDeploymentPostprocessing = 0;
		};
		52FA2004295308A900BE7022 /* Sources */ = {
			isa = PBXSourcesBuildPhase;
			buildActionMask = 2147483647;
			files = (
				52FA200D295308A900BE7022 /* SwiftUIModularizedArchitectureTests.swift in Sources */,
			);
			runOnlyForDeploymentPostprocessing = 0;
		};
		52FA200E295308A900BE7022 /* Sources */ = {
			isa = PBXSourcesBuildPhase;
			buildActionMask = 2147483647;
			files = (
				52FA2019295308A900BE7022 /* SwiftUIModularizedArchitectureUITestsLaunchTests.swift in Sources */,
				52FA2017295308A900BE7022 /* SwiftUIModularizedArchitectureUITests.swift in Sources */,
			);
			runOnlyForDeploymentPostprocessing = 0;
		};
/* End PBXSourcesBuildPhase section */

/* Begin PBXTargetDependency section */
		52FA200A295308A900BE7022 /* PBXTargetDependency */ = {
			isa = PBXTargetDependency;
			target = 52FA1FF7295308A700BE7022 /* SwiftUIModularizedArchitecture */;
			targetProxy = 52FA2009295308A900BE7022 /* PBXContainerItemProxy */;
		};
		52FA2014295308A900BE7022 /* PBXTargetDependency */ = {
			isa = PBXTargetDependency;
			target = 52FA1FF7295308A700BE7022 /* SwiftUIModularizedArchitecture */;
			targetProxy = 52FA2013295308A900BE7022 /* PBXContainerItemProxy */;
		};
/* End PBXTargetDependency section */

/* Begin XCBuildConfiguration section */
		52FA201A295308A900BE7022 /* Debug */ = {
			isa = XCBuildConfiguration;
			buildSettings = {
				ALWAYS_SEARCH_USER_PATHS = NO;
				CLANG_ANALYZER_NONNULL = YES;
				CLANG_ANALYZER_NUMBER_OBJECT_CONVERSION = YES_AGGRESSIVE;
				CLANG_CXX_LANGUAGE_STANDARD = "gnu++20";
				CLANG_ENABLE_MODULES = YES;
				CLANG_ENABLE_OBJC_ARC = YES;
				CLANG_ENABLE_OBJC_WEAK = YES;
				CLANG_WARN_BLOCK_CAPTURE_AUTORELEASING = YES;
				CLANG_WARN_BOOL_CONVERSION = YES;
				CLANG_WARN_COMMA = YES;
				CLANG_WARN_CONSTANT_CONVERSION = YES;
				CLANG_WARN_DEPRECATED_OBJC_IMPLEMENTATIONS = YES;
				CLANG_WARN_DIRECT_OBJC_ISA_USAGE = YES_ERROR;
				CLANG_WARN_DOCUMENTATION_COMMENTS = YES;
				CLANG_WARN_EMPTY_BODY = YES;
				CLANG_WARN_ENUM_CONVERSION = YES;
				CLANG_WARN_INFINITE_RECURSION = YES;
				CLANG_WARN_INT_CONVERSION = YES;
				CLANG_WARN_NON_LITERAL_NULL_CONVERSION = YES;
				CLANG_WARN_OBJC_IMPLICIT_RETAIN_SELF = YES;
				CLANG_WARN_OBJC_LITERAL_CONVERSION = YES;
				CLANG_WARN_OBJC_ROOT_CLASS = YES_ERROR;
				CLANG_WARN_QUOTED_INCLUDE_IN_FRAMEWORK_HEADER = YES;
				CLANG_WARN_RANGE_LOOP_ANALYSIS = YES;
				CLANG_WARN_STRICT_PROTOTYPES = YES;
				CLANG_WARN_SUSPICIOUS_MOVE = YES;
				CLANG_WARN_UNGUARDED_AVAILABILITY = YES_AGGRESSIVE;
				CLANG_WARN_UNREACHABLE_CODE = YES;
				CLANG_WARN__DUPLICATE_METHOD_MATCH = YES;
				COPY_PHASE_STRIP = NO;
				DEBUG_INFORMATION_FORMAT = dwarf;
				ENABLE_STRICT_OBJC_MSGSEND = YES;
				ENABLE_TESTABILITY = YES;
				GCC_C_LANGUAGE_STANDARD = gnu11;
				GCC_DYNAMIC_NO_PIC = NO;
				GCC_NO_COMMON_BLOCKS = YES;
				GCC_OPTIMIZATION_LEVEL = 0;
				GCC_PREPROCESSOR_DEFINITIONS = (
					"DEBUG=1",
					"$(inherited)",
				);
				GCC_WARN_64_TO_32_BIT_CONVERSION = YES;
				GCC_WARN_ABOUT_RETURN_TYPE = YES_ERROR;
				GCC_WARN_UNDECLARED_SELECTOR = YES;
				GCC_WARN_UNINITIALIZED_AUTOS = YES_AGGRESSIVE;
				GCC_WARN_UNUSED_FUNCTION = YES;
				GCC_WARN_UNUSED_VARIABLE = YES;
				IPHONEOS_DEPLOYMENT_TARGET = 16.1;
				MTL_ENABLE_DEBUG_INFO = INCLUDE_SOURCE;
				MTL_FAST_MATH = YES;
				ONLY_ACTIVE_ARCH = YES;
				SDKROOT = iphoneos;
				SWIFT_ACTIVE_COMPILATION_CONDITIONS = DEBUG;
				SWIFT_OPTIMIZATION_LEVEL = "-Onone";
			};
			name = Debug;
		};
		52FA201B295308A900BE7022 /* Release */ = {
			isa = XCBuildConfiguration;
			buildSettings = {
				ALWAYS_SEARCH_USER_PATHS = NO;
				CLANG_ANALYZER_NONNULL = YES;
				CLANG_ANALYZER_NUMBER_OBJECT_CONVERSION = YES_AGGRESSIVE;
				CLANG_CXX_LANGUAGE_STANDARD = "gnu++20";
				CLANG_ENABLE_MODULES = YES;
				CLANG_ENABLE_OBJC_ARC = YES;
				CLANG_ENABLE_OBJC_WEAK = YES;
				CLANG_WARN_BLOCK_CAPTURE_AUTORELEASING = YES;
				CLANG_WARN_BOOL_CONVERSION = YES;
				CLANG_WARN_COMMA = YES;
				CLANG_WARN_CONSTANT_CONVERSION = YES;
				CLANG_WARN_DEPRECATED_OBJC_IMPLEMENTATIONS = YES;
				CLANG_WARN_DIRECT_OBJC_ISA_USAGE = YES_ERROR;
				CLANG_WARN_DOCUMENTATION_COMMENTS = YES;
				CLANG_WARN_EMPTY_BODY = YES;
				CLANG_WARN_ENUM_CONVERSION = YES;
				CLANG_WARN_INFINITE_RECURSION = YES;
				CLANG_WARN_INT_CONVERSION = YES;
				CLANG_WARN_NON_LITERAL_NULL_CONVERSION = YES;
				CLANG_WARN_OBJC_IMPLICIT_RETAIN_SELF = YES;
				CLANG_WARN_OBJC_LITERAL_CONVERSION = YES;
				CLANG_WARN_OBJC_ROOT_CLASS = YES_ERROR;
				CLANG_WARN_QUOTED_INCLUDE_IN_FRAMEWORK_HEADER = YES;
				CLANG_WARN_RANGE_LOOP_ANALYSIS = YES;
				CLANG_WARN_STRICT_PROTOTYPES = YES;
				CLANG_WARN_SUSPICIOUS_MOVE = YES;
				CLANG_WARN_UNGUARDED_AVAILABILITY = YES_AGGRESSIVE;
				CLANG_WARN_UNREACHABLE_CODE = YES;
				CLANG_WARN__DUPLICATE_METHOD_MATCH = YES;
				COPY_PHASE_STRIP = NO;
				DEBUG_INFORMATION_FORMAT = "dwarf-with-dsym";
				ENABLE_NS_ASSERTIONS = NO;
				ENABLE_STRICT_OBJC_MSGSEND = YES;
				GCC_C_LANGUAGE_STANDARD = gnu11;
				GCC_NO_COMMON_BLOCKS = YES;
				GCC_WARN_64_TO_32_BIT_CONVERSION = YES;
				GCC_WARN_ABOUT_RETURN_TYPE = YES_ERROR;
				GCC_WARN_UNDECLARED_SELECTOR = YES;
				GCC_WARN_UNINITIALIZED_AUTOS = YES_AGGRESSIVE;
				GCC_WARN_UNUSED_FUNCTION = YES;
				GCC_WARN_UNUSED_VARIABLE = YES;
				IPHONEOS_DEPLOYMENT_TARGET = 16.1;
				MTL_ENABLE_DEBUG_INFO = NO;
				MTL_FAST_MATH = YES;
				SDKROOT = iphoneos;
				SWIFT_COMPILATION_MODE = wholemodule;
				SWIFT_OPTIMIZATION_LEVEL = "-O";
				VALIDATE_PRODUCT = YES;
			};
			name = Release;
		};
		52FA201D295308A900BE7022 /* Debug */ = {
			isa = XCBuildConfiguration;
			buildSettings = {
				ASSETCATALOG_COMPILER_APPICON_NAME = AppIcon;
				ASSETCATALOG_COMPILER_GLOBAL_ACCENT_COLOR_NAME = AccentColor;
				CODE_SIGN_STYLE = Automatic;
				CURRENT_PROJECT_VERSION = 1;
				DEVELOPMENT_ASSET_PATHS = "\"SwiftUIModularizedArchitecture/Preview Content\"";
				DEVELOPMENT_TEAM = QP448RJ447;
				ENABLE_PREVIEWS = YES;
				GENERATE_INFOPLIST_FILE = YES;
				INFOPLIST_KEY_UIApplicationSceneManifest_Generation = YES;
				INFOPLIST_KEY_UIApplicationSupportsIndirectInputEvents = YES;
				INFOPLIST_KEY_UILaunchScreen_Generation = YES;
				INFOPLIST_KEY_UISupportedInterfaceOrientations_iPad = "UIInterfaceOrientationPortrait UIInterfaceOrientationPortraitUpsideDown UIInterfaceOrientationLandscapeLeft UIInterfaceOrientationLandscapeRight";
				INFOPLIST_KEY_UISupportedInterfaceOrientations_iPhone = "UIInterfaceOrientationPortrait UIInterfaceOrientationLandscapeLeft UIInterfaceOrientationLandscapeRight";
				LD_RUNPATH_SEARCH_PATHS = (
					"$(inherited)",
					"@executable_path/Frameworks",
				);
				MARKETING_VERSION = 1.0;
				PRODUCT_BUNDLE_IDENTIFIER = NarumichiKubo.SwiftUIModularizedArchitecture;
				PRODUCT_NAME = "$(TARGET_NAME)";
				SWIFT_EMIT_LOC_STRINGS = YES;
				SWIFT_VERSION = 5.0;
				TARGETED_DEVICE_FAMILY = "1,2";
			};
			name = Debug;
		};
		52FA201E295308A900BE7022 /* Release */ = {
			isa = XCBuildConfiguration;
			buildSettings = {
				ASSETCATALOG_COMPILER_APPICON_NAME = AppIcon;
				ASSETCATALOG_COMPILER_GLOBAL_ACCENT_COLOR_NAME = AccentColor;
				CODE_SIGN_STYLE = Automatic;
				CURRENT_PROJECT_VERSION = 1;
				DEVELOPMENT_ASSET_PATHS = "\"SwiftUIModularizedArchitecture/Preview Content\"";
				DEVELOPMENT_TEAM = QP448RJ447;
				ENABLE_PREVIEWS = YES;
				GENERATE_INFOPLIST_FILE = YES;
				INFOPLIST_KEY_UIApplicationSceneManifest_Generation = YES;
				INFOPLIST_KEY_UIApplicationSupportsIndirectInputEvents = YES;
				INFOPLIST_KEY_UILaunchScreen_Generation = YES;
				INFOPLIST_KEY_UISupportedInterfaceOrientations_iPad = "UIInterfaceOrientationPortrait UIInterfaceOrientationPortraitUpsideDown UIInterfaceOrientationLandscapeLeft UIInterfaceOrientationLandscapeRight";
				INFOPLIST_KEY_UISupportedInterfaceOrientations_iPhone = "UIInterfaceOrientationPortrait UIInterfaceOrientationLandscapeLeft UIInterfaceOrientationLandscapeRight";
				LD_RUNPATH_SEARCH_PATHS = (
					"$(inherited)",
					"@executable_path/Frameworks",
				);
				MARKETING_VERSION = 1.0;
				PRODUCT_BUNDLE_IDENTIFIER = NarumichiKubo.SwiftUIModularizedArchitecture;
				PRODUCT_NAME = "$(TARGET_NAME)";
				SWIFT_EMIT_LOC_STRINGS = YES;
				SWIFT_VERSION = 5.0;
				TARGETED_DEVICE_FAMILY = "1,2";
			};
			name = Release;
		};
		52FA2020295308A900BE7022 /* Debug */ = {
			isa = XCBuildConfiguration;
			buildSettings = {
				ALWAYS_EMBED_SWIFT_STANDARD_LIBRARIES = YES;
				BUNDLE_LOADER = "$(TEST_HOST)";
				CODE_SIGN_STYLE = Automatic;
				CURRENT_PROJECT_VERSION = 1;
				DEVELOPMENT_TEAM = QP448RJ447;
				GENERATE_INFOPLIST_FILE = YES;
				IPHONEOS_DEPLOYMENT_TARGET = 16.1;
				MARKETING_VERSION = 1.0;
				PRODUCT_BUNDLE_IDENTIFIER = NarumichiKubo.SwiftUIModularizedArchitectureTests;
				PRODUCT_NAME = "$(TARGET_NAME)";
				SWIFT_EMIT_LOC_STRINGS = NO;
				SWIFT_VERSION = 5.0;
				TARGETED_DEVICE_FAMILY = "1,2";
				TEST_HOST = "$(BUILT_PRODUCTS_DIR)/SwiftUIModularizedArchitecture.app/$(BUNDLE_EXECUTABLE_FOLDER_PATH)/SwiftUIModularizedArchitecture";
			};
			name = Debug;
		};
		52FA2021295308A900BE7022 /* Release */ = {
			isa = XCBuildConfiguration;
			buildSettings = {
				ALWAYS_EMBED_SWIFT_STANDARD_LIBRARIES = YES;
				BUNDLE_LOADER = "$(TEST_HOST)";
				CODE_SIGN_STYLE = Automatic;
				CURRENT_PROJECT_VERSION = 1;
				DEVELOPMENT_TEAM = QP448RJ447;
				GENERATE_INFOPLIST_FILE = YES;
				IPHONEOS_DEPLOYMENT_TARGET = 16.1;
				MARKETING_VERSION = 1.0;
				PRODUCT_BUNDLE_IDENTIFIER = NarumichiKubo.SwiftUIModularizedArchitectureTests;
				PRODUCT_NAME = "$(TARGET_NAME)";
				SWIFT_EMIT_LOC_STRINGS = NO;
				SWIFT_VERSION = 5.0;
				TARGETED_DEVICE_FAMILY = "1,2";
				TEST_HOST = "$(BUILT_PRODUCTS_DIR)/SwiftUIModularizedArchitecture.app/$(BUNDLE_EXECUTABLE_FOLDER_PATH)/SwiftUIModularizedArchitecture";
			};
			name = Release;
		};
		52FA2023295308A900BE7022 /* Debug */ = {
			isa = XCBuildConfiguration;
			buildSettings = {
				ALWAYS_EMBED_SWIFT_STANDARD_LIBRARIES = YES;
				CODE_SIGN_STYLE = Automatic;
				CURRENT_PROJECT_VERSION = 1;
				DEVELOPMENT_TEAM = QP448RJ447;
				GENERATE_INFOPLIST_FILE = YES;
				MARKETING_VERSION = 1.0;
				PRODUCT_BUNDLE_IDENTIFIER = NarumichiKubo.SwiftUIModularizedArchitectureUITests;
				PRODUCT_NAME = "$(TARGET_NAME)";
				SWIFT_EMIT_LOC_STRINGS = NO;
				SWIFT_VERSION = 5.0;
				TARGETED_DEVICE_FAMILY = "1,2";
				TEST_TARGET_NAME = SwiftUIModularizedArchitecture;
			};
			name = Debug;
		};
		52FA2024295308A900BE7022 /* Release */ = {
			isa = XCBuildConfiguration;
			buildSettings = {
				ALWAYS_EMBED_SWIFT_STANDARD_LIBRARIES = YES;
				CODE_SIGN_STYLE = Automatic;
				CURRENT_PROJECT_VERSION = 1;
				DEVELOPMENT_TEAM = QP448RJ447;
				GENERATE_INFOPLIST_FILE = YES;
				MARKETING_VERSION = 1.0;
				PRODUCT_BUNDLE_IDENTIFIER = NarumichiKubo.SwiftUIModularizedArchitectureUITests;
				PRODUCT_NAME = "$(TARGET_NAME)";
				SWIFT_EMIT_LOC_STRINGS = NO;
				SWIFT_VERSION = 5.0;
				TARGETED_DEVICE_FAMILY = "1,2";
				TEST_TARGET_NAME = SwiftUIModularizedArchitecture;
			};
			name = Release;
		};
/* End XCBuildConfiguration section */

/* Begin XCConfigurationList section */
		52FA1FF3295308A700BE7022 /* Build configuration list for PBXProject "SwiftUIModularizedArchitecture" */ = {
			isa = XCConfigurationList;
			buildConfigurations = (
				52FA201A295308A900BE7022 /* Debug */,
				52FA201B295308A900BE7022 /* Release */,
			);
			defaultConfigurationIsVisible = 0;
			defaultConfigurationName = Release;
		};
		52FA201C295308A900BE7022 /* Build configuration list for PBXNativeTarget "SwiftUIModularizedArchitecture" */ = {
			isa = XCConfigurationList;
			buildConfigurations = (
				52FA201D295308A900BE7022 /* Debug */,
				52FA201E295308A900BE7022 /* Release */,
			);
			defaultConfigurationIsVisible = 0;
			defaultConfigurationName = Release;
		};
		52FA201F295308A900BE7022 /* Build configuration list for PBXNativeTarget "SwiftUIModularizedArchitectureTests" */ = {
			isa = XCConfigurationList;
			buildConfigurations = (
				52FA2020295308A900BE7022 /* Debug */,
				52FA2021295308A900BE7022 /* Release */,
			);
			defaultConfigurationIsVisible = 0;
			defaultConfigurationName = Release;
		};
		52FA2022295308A900BE7022 /* Build configuration list for PBXNativeTarget "SwiftUIModularizedArchitectureUITests" */ = {
			isa = XCConfigurationList;
			buildConfigurations = (
				52FA2023295308A900BE7022 /* Debug */,
				52FA2024295308A900BE7022 /* Release */,
			);
			defaultConfigurationIsVisible = 0;
			defaultConfigurationName = Release;
		};
/* End XCConfigurationList section */
	};
	rootObject = 52FA1FF0295308A700BE7022 /* Project object */;
}
